
Microsoft Visual Studio Solution File, Format Version 12.00
# Visual Studio Version 16
VisualStudioVersion = 16.0.30114.105
MinimumVisualStudioVersion = 10.0.40219.1
Project("{9A19103F-16F7-4668-BE54-9A1E7A4F7556}") = "Vocabulary", "Vocabulary.csproj", "{4883A113-28FF-44E7-996B-01BBDD13A158}"
EndProject
Project("{9A19103F-16F7-4668-BE54-9A1E7A4F7556}") = "Vocabulary.Shared", "Vocabulary.Shared\Vocabulary.Shared.csproj", "{FA57C1DE-A8AD-4B33-8152-89675747F8CF}"
EndProject
Global
	GlobalSection(SolutionConfigurationPlatforms) = preSolution
		Debug|Any CPU = Debug|Any CPU
		Release|Any CPU = Release|Any CPU
	EndGlobalSection
	GlobalSection(ProjectConfigurationPlatforms) = postSolution
		{4883A113-28FF-44E7-996B-01BBDD13A158}.Debug|Any CPU.ActiveCfg = Debug|Any CPU
		{4883A113-28FF-44E7-996B-01BBDD13A158}.Debug|Any CPU.Build.0 = Debug|Any CPU
		{4883A113-28FF-44E7-996B-01BBDD13A158}.Release|Any CPU.ActiveCfg = Release|Any CPU
		{4883A113-28FF-44E7-996B-01BBDD13A158}.Release|Any CPU.Build.0 = Release|Any CPU
		{FA57C1DE-A8AD-4B33-8152-89675747F8CF}.Debug|Any CPU.ActiveCfg = Debug|Any CPU
		{FA57C1DE-A8AD-4B33-8152-89675747F8CF}.Debug|Any CPU.Build.0 = Debug|Any CPU
		{FA57C1DE-A8AD-4B33-8152-89675747F8CF}.Release|Any CPU.ActiveCfg = Release|Any CPU
		{FA57C1DE-A8AD-4B33-8152-89675747F8CF}.Release|Any CPU.Build.0 = Release|Any CPU
	EndGlobalSection
	GlobalSection(SolutionProperties) = preSolution
		HideSolutionNode = FALSE
	EndGlobalSection
	GlobalSection(ExtensibilityGlobals) = postSolution
		SolutionGuid = {E1F14C53-1791-45C3-B6A9-54E3F593B135}
	EndGlobalSection
EndGlobal
